// !$*UTF8*$!
{
	archiveVersion = 1;
	classes = {
	};
	objectVersion = 50;
	objects = {

/* Begin PBXBuildFile section */
		37E7966C7BFE95E5B4C4AD81 /* libPods-ZX_all.a in Frameworks */ = {isa = PBXBuildFile; fileRef = 86145A9DBBC049BC7BA15F16 /* libPods-ZX_all.a */; };
		597EDD00FC8F82829B9DC4D0 /* libPods-ZX_allUITests.a in Frameworks */ = {isa = PBXBuildFile; fileRef = 12BA43FB1748CDD45CC474A5 /* libPods-ZX_allUITests.a */; };
		ABE182A76436D72322CF789B /* libPods-ZX_allTests.a in Frameworks */ = {isa = PBXBuildFile; fileRef = 3572EE5BD61EE7F18711BDCB /* libPods-ZX_allTests.a */; };
		F13845C2212AB70F00AD6732 /* AppDelegate.m in Sources */ = {isa = PBXBuildFile; fileRef = F13845C1212AB70F00AD6732 /* AppDelegate.m */; };
		F13845C5212AB70F00AD6732 /* ViewController.m in Sources */ = {isa = PBXBuildFile; fileRef = F13845C4212AB70F00AD6732 /* ViewController.m */; };
		F13845C8212AB70F00AD6732 /* Main.storyboard in Resources */ = {isa = PBXBuildFile; fileRef = F13845C6212AB70F00AD6732 /* Main.storyboard */; };
		F13845CA212AB71000AD6732 /* Assets.xcassets in Resources */ = {isa = PBXBuildFile; fileRef = F13845C9212AB71000AD6732 /* Assets.xcassets */; };
		F13845CD212AB71000AD6732 /* LaunchScreen.storyboard in Resources */ = {isa = PBXBuildFile; fileRef = F13845CB212AB71000AD6732 /* LaunchScreen.storyboard */; };
		F13845D0212AB71000AD6732 /* main.m in Sources */ = {isa = PBXBuildFile; fileRef = F13845CF212AB71000AD6732 /* main.m */; };
		F13845DA212AB71100AD6732 /* ZX_allTests.m in Sources */ = {isa = PBXBuildFile; fileRef = F13845D9212AB71100AD6732 /* ZX_allTests.m */; };
		F13845E5212AB71100AD6732 /* ZX_allUITests.m in Sources */ = {isa = PBXBuildFile; fileRef = F13845E4212AB71100AD6732 /* ZX_allUITests.m */; };
		F15320DD213E6D4900353BF4 /* AppTestViewController.m in Sources */ = {isa = PBXBuildFile; fileRef = F15320DC213E6D4900353BF4 /* AppTestViewController.m */; };
		F19429DE212C146F00E08B1E /* editorViewController.m in Sources */ = {isa = PBXBuildFile; fileRef = F19429B8212C146F00E08B1E /* editorViewController.m */; };
		F19429DF212C146F00E08B1E /* selectStyleView.m in Sources */ = {isa = PBXBuildFile; fileRef = F19429BB212C146F00E08B1E /* selectStyleView.m */; };
		F19429E0212C146F00E08B1E /* mailTextView.m in Sources */ = {isa = PBXBuildFile; fileRef = F19429BE212C146F00E08B1E /* mailTextView.m */; };
		F19429E1212C146F00E08B1E /* MailRichTextEditor.js in Resources */ = {isa = PBXBuildFile; fileRef = F19429C0212C146F00E08B1E /* MailRichTextEditor.js */; };
		F19429E2212C146F00E08B1E /* editor.html in Resources */ = {isa = PBXBuildFile; fileRef = F19429C1212C146F00E08B1E /* editor.html */; };
		F19429E3212C146F00E08B1E /* JSBeautifier.js in Resources */ = {isa = PBXBuildFile; fileRef = F19429C2212C146F00E08B1E /* JSBeautifier.js */; };
		F19429E4212C146F00E08B1E /* jQuery.js in Resources */ = {isa = PBXBuildFile; fileRef = F19429C3212C146F00E08B1E /* jQuery.js */; };
		F19429E5212C146F00E08B1E /* styleBtnItem.m in Sources */ = {isa = PBXBuildFile; fileRef = F19429C4212C146F00E08B1E /* styleBtnItem.m */; };
		F19429E6212C146F00E08B1E /* MailRichTextEditor.m in Sources */ = {isa = PBXBuildFile; fileRef = F19429C5212C146F00E08B1E /* MailRichTextEditor.m */; };
		F19429E7212C146F00E08B1E /* HRCgUtil.m in Sources */ = {isa = PBXBuildFile; fileRef = F19429CC212C146F00E08B1E /* HRCgUtil.m */; };
		F19429E8212C146F00E08B1E /* HRColorPickerViewController.m in Sources */ = {isa = PBXBuildFile; fileRef = F19429CD212C146F00E08B1E /* HRColorPickerViewController.m */; };
		F19429E9212C146F00E08B1E /* HRColorPickerView.m in Sources */ = {isa = PBXBuildFile; fileRef = F19429CE212C146F00E08B1E /* HRColorPickerView.m */; };
		F19429EA212C146F00E08B1E /* HRBrightnessCursor.m in Sources */ = {isa = PBXBuildFile; fileRef = F19429CF212C146F00E08B1E /* HRBrightnessCursor.m */; };
		F19429EB212C146F00E08B1E /* CYRLayoutManager.m in Sources */ = {isa = PBXBuildFile; fileRef = F19429D0212C146F00E08B1E /* CYRLayoutManager.m */; };
		F19429EC212C146F00E08B1E /* CYRToken.m in Sources */ = {isa = PBXBuildFile; fileRef = F19429D1212C146F00E08B1E /* CYRToken.m */; };
		F19429ED212C146F00E08B1E /* CYRTextStorage.m in Sources */ = {isa = PBXBuildFile; fileRef = F19429D2212C146F00E08B1E /* CYRTextStorage.m */; };
		F19429EE212C146F00E08B1E /* CYRTextView.m in Sources */ = {isa = PBXBuildFile; fileRef = F19429D3212C146F00E08B1E /* CYRTextView.m */; };
		F19429EF212C146F00E08B1E /* HRColorUtil.m in Sources */ = {isa = PBXBuildFile; fileRef = F19429D4212C146F00E08B1E /* HRColorUtil.m */; };
		F19429F0212C146F00E08B1E /* HRColorCursor.m in Sources */ = {isa = PBXBuildFile; fileRef = F19429D5212C146F00E08B1E /* HRColorCursor.m */; };
		F19429F4212C14C000E08B1E /* testViewController.m in Sources */ = {isa = PBXBuildFile; fileRef = F19429F3212C14C000E08B1E /* testViewController.m */; };
/* End PBXBuildFile section */

/* Begin PBXContainerItemProxy section */
		F13845D6212AB71100AD6732 /* PBXContainerItemProxy */ = {
			isa = PBXContainerItemProxy;
			containerPortal = F13845B5212AB70F00AD6732 /* Project object */;
			proxyType = 1;
			remoteGlobalIDString = F13845BC212AB70F00AD6732;
			remoteInfo = ZX_all;
		};
		F13845E1212AB71100AD6732 /* PBXContainerItemProxy */ = {
			isa = PBXContainerItemProxy;
			containerPortal = F13845B5212AB70F00AD6732 /* Project object */;
			proxyType = 1;
			remoteGlobalIDString = F13845BC212AB70F00AD6732;
			remoteInfo = ZX_all;
		};
/* End PBXContainerItemProxy section */

/* Begin PBXFileReference section */
		013DD9AAA1486BDBBC4C155F /* Pods-ZX_all.debug.xcconfig */ = {isa = PBXFileReference; includeInIndex = 1; lastKnownFileType = text.xcconfig; name = "Pods-ZX_all.debug.xcconfig"; path = "Target Support Files/Pods-ZX_all/Pods-ZX_all.debug.xcconfig"; sourceTree = "<group>"; };
		12BA43FB1748CDD45CC474A5 /* libPods-ZX_allUITests.a */ = {isa = PBXFileReference; explicitFileType = archive.ar; includeInIndex = 0; path = "libPods-ZX_allUITests.a"; sourceTree = BUILT_PRODUCTS_DIR; };
		1F3AE759DE5A29A56D40628A /* Pods-ZX_allTests.debug.xcconfig */ = {isa = PBXFileReference; includeInIndex = 1; lastKnownFileType = text.xcconfig; name = "Pods-ZX_allTests.debug.xcconfig"; path = "Target Support Files/Pods-ZX_allTests/Pods-ZX_allTests.debug.xcconfig"; sourceTree = "<group>"; };
		3572EE5BD61EE7F18711BDCB /* libPods-ZX_allTests.a */ = {isa = PBXFileReference; explicitFileType = archive.ar; includeInIndex = 0; path = "libPods-ZX_allTests.a"; sourceTree = BUILT_PRODUCTS_DIR; };
		72920535B1EE31721009551D /* Pods-ZX_all.release.xcconfig */ = {isa = PBXFileReference; includeInIndex = 1; lastKnownFileType = text.xcconfig; name = "Pods-ZX_all.release.xcconfig"; path = "Target Support Files/Pods-ZX_all/Pods-ZX_all.release.xcconfig"; sourceTree = "<group>"; };
		86145A9DBBC049BC7BA15F16 /* libPods-ZX_all.a */ = {isa = PBXFileReference; explicitFileType = archive.ar; includeInIndex = 0; path = "libPods-ZX_all.a"; sourceTree = BUILT_PRODUCTS_DIR; };
		9011D02D668B3AA5953B558D /* Pods-ZX_allUITests.debug.xcconfig */ = {isa = PBXFileReference; includeInIndex = 1; lastKnownFileType = text.xcconfig; name = "Pods-ZX_allUITests.debug.xcconfig"; path = "Target Support Files/Pods-ZX_allUITests/Pods-ZX_allUITests.debug.xcconfig"; sourceTree = "<group>"; };
		A262898FE2BE99076A3BD42F /* Pods-ZX_allTests.release.xcconfig */ = {isa = PBXFileReference; includeInIndex = 1; lastKnownFileType = text.xcconfig; name = "Pods-ZX_allTests.release.xcconfig"; path = "Target Support Files/Pods-ZX_allTests/Pods-ZX_allTests.release.xcconfig"; sourceTree = "<group>"; };
		A9E8989D866DC27B85376BD8 /* Pods-ZX_allUITests.release.xcconfig */ = {isa = PBXFileReference; includeInIndex = 1; lastKnownFileType = text.xcconfig; name = "Pods-ZX_allUITests.release.xcconfig"; path = "Target Support Files/Pods-ZX_allUITests/Pods-ZX_allUITests.release.xcconfig"; sourceTree = "<group>"; };
		F13845BD212AB70F00AD6732 /* ZX_all.app */ = {isa = PBXFileReference; explicitFileType = wrapper.application; includeInIndex = 0; path = ZX_all.app; sourceTree = BUILT_PRODUCTS_DIR; };
		F13845C0212AB70F00AD6732 /* AppDelegate.h */ = {isa = PBXFileReference; lastKnownFileType = sourcecode.c.h; path = AppDelegate.h; sourceTree = "<group>"; };
		F13845C1212AB70F00AD6732 /* AppDelegate.m */ = {isa = PBXFileReference; lastKnownFileType = sourcecode.c.objc; path = AppDelegate.m; sourceTree = "<group>"; };
		F13845C3212AB70F00AD6732 /* ViewController.h */ = {isa = PBXFileReference; lastKnownFileType = sourcecode.c.h; path = ViewController.h; sourceTree = "<group>"; };
		F13845C4212AB70F00AD6732 /* ViewController.m */ = {isa = PBXFileReference; lastKnownFileType = sourcecode.c.objc; path = ViewController.m; sourceTree = "<group>"; };
		F13845C7212AB70F00AD6732 /* Base */ = {isa = PBXFileReference; lastKnownFileType = file.storyboard; name = Base; path = Base.lproj/Main.storyboard; sourceTree = "<group>"; };
		F13845C9212AB71000AD6732 /* Assets.xcassets */ = {isa = PBXFileReference; lastKnownFileType = folder.assetcatalog; path = Assets.xcassets; sourceTree = "<group>"; };
		F13845CC212AB71000AD6732 /* Base */ = {isa = PBXFileReference; lastKnownFileType = file.storyboard; name = Base; path = Base.lproj/LaunchScreen.storyboard; sourceTree = "<group>"; };
		F13845CE212AB71000AD6732 /* Info.plist */ = {isa = PBXFileReference; lastKnownFileType = text.plist.xml; path = Info.plist; sourceTree = "<group>"; };
		F13845CF212AB71000AD6732 /* main.m */ = {isa = PBXFileReference; lastKnownFileType = sourcecode.c.objc; path = main.m; sourceTree = "<group>"; };
		F13845D5212AB71100AD6732 /* ZX_allTests.xctest */ = {isa = PBXFileReference; explicitFileType = wrapper.cfbundle; includeInIndex = 0; path = ZX_allTests.xctest; sourceTree = BUILT_PRODUCTS_DIR; };
		F13845D9212AB71100AD6732 /* ZX_allTests.m */ = {isa = PBXFileReference; lastKnownFileType = sourcecode.c.objc; path = ZX_allTests.m; sourceTree = "<group>"; };
		F13845DB212AB71100AD6732 /* Info.plist */ = {isa = PBXFileReference; lastKnownFileType = text.plist.xml; path = Info.plist; sourceTree = "<group>"; };
		F13845E0212AB71100AD6732 /* ZX_allUITests.xctest */ = {isa = PBXFileReference; explicitFileType = wrapper.cfbundle; includeInIndex = 0; path = ZX_allUITests.xctest; sourceTree = BUILT_PRODUCTS_DIR; };
		F13845E4212AB71100AD6732 /* ZX_allUITests.m */ = {isa = PBXFileReference; lastKnownFileType = sourcecode.c.objc; path = ZX_allUITests.m; sourceTree = "<group>"; };
		F13845E6212AB71100AD6732 /* Info.plist */ = {isa = PBXFileReference; lastKnownFileType = text.plist.xml; path = Info.plist; sourceTree = "<group>"; };
		F15320DB213E6D4900353BF4 /* AppTestViewController.h */ = {isa = PBXFileReference; lastKnownFileType = sourcecode.c.h; path = AppTestViewController.h; sourceTree = "<group>"; };
		F15320DC213E6D4900353BF4 /* AppTestViewController.m */ = {isa = PBXFileReference; lastKnownFileType = sourcecode.c.objc; path = AppTestViewController.m; sourceTree = "<group>"; };
		F19429B8212C146F00E08B1E /* editorViewController.m */ = {isa = PBXFileReference; fileEncoding = 4; lastKnownFileType = sourcecode.c.objc; path = editorViewController.m; sourceTree = "<group>"; };
		F19429B9212C146F00E08B1E /* editorViewController.h */ = {isa = PBXFileReference; fileEncoding = 4; lastKnownFileType = sourcecode.c.h; path = editorViewController.h; sourceTree = "<group>"; };
		F19429BB212C146F00E08B1E /* selectStyleView.m */ = {isa = PBXFileReference; fileEncoding = 4; lastKnownFileType = sourcecode.c.objc; path = selectStyleView.m; sourceTree = "<group>"; };
		F19429BC212C146F00E08B1E /* MailRichTextEditor.h */ = {isa = PBXFileReference; fileEncoding = 4; lastKnownFileType = sourcecode.c.h; path = MailRichTextEditor.h; sourceTree = "<group>"; };
		F19429BD212C146F00E08B1E /* styleBtnItem.h */ = {isa = PBXFileReference; fileEncoding = 4; lastKnownFileType = sourcecode.c.h; path = styleBtnItem.h; sourceTree = "<group>"; };
		F19429BE212C146F00E08B1E /* mailTextView.m */ = {isa = PBXFileReference; fileEncoding = 4; lastKnownFileType = sourcecode.c.objc; path = mailTextView.m; sourceTree = "<group>"; };
		F19429C0212C146F00E08B1E /* MailRichTextEditor.js */ = {isa = PBXFileReference; fileEncoding = 4; lastKnownFileType = sourcecode.javascript; path = MailRichTextEditor.js; sourceTree = "<group>"; };
		F19429C1212C146F00E08B1E /* editor.html */ = {isa = PBXFileReference; fileEncoding = 4; lastKnownFileType = text.html; path = editor.html; sourceTree = "<group>"; };
		F19429C2212C146F00E08B1E /* JSBeautifier.js */ = {isa = PBXFileReference; fileEncoding = 4; lastKnownFileType = sourcecode.javascript; path = JSBeautifier.js; sourceTree = "<group>"; };
		F19429C3212C146F00E08B1E /* jQuery.js */ = {isa = PBXFileReference; fileEncoding = 4; lastKnownFileType = sourcecode.javascript; path = jQuery.js; sourceTree = "<group>"; };
		F19429C4212C146F00E08B1E /* styleBtnItem.m */ = {isa = PBXFileReference; fileEncoding = 4; lastKnownFileType = sourcecode.c.objc; path = styleBtnItem.m; sourceTree = "<group>"; };
		F19429C5212C146F00E08B1E /* MailRichTextEditor.m */ = {isa = PBXFileReference; fileEncoding = 4; lastKnownFileType = sourcecode.c.objc; path = MailRichTextEditor.m; sourceTree = "<group>"; };
		F19429C6212C146F00E08B1E /* selectStyleView.h */ = {isa = PBXFileReference; fileEncoding = 4; lastKnownFileType = sourcecode.c.h; path = selectStyleView.h; sourceTree = "<group>"; };
		F19429C7212C146F00E08B1E /* mailTextView.h */ = {isa = PBXFileReference; fileEncoding = 4; lastKnownFileType = sourcecode.c.h; path = mailTextView.h; sourceTree = "<group>"; };
		F19429C9212C146F00E08B1E /* HRColorCursor.h */ = {isa = PBXFileReference; fileEncoding = 4; lastKnownFileType = sourcecode.c.h; path = HRColorCursor.h; sourceTree = "<group>"; };
		F19429CA212C146F00E08B1E /* HRColorUtil.h */ = {isa = PBXFileReference; fileEncoding = 4; lastKnownFileType = sourcecode.c.h; path = HRColorUtil.h; sourceTree = "<group>"; };
		F19429CB212C146F00E08B1E /* CYRTextView.h */ = {isa = PBXFileReference; fileEncoding = 4; lastKnownFileType = sourcecode.c.h; path = CYRTextView.h; sourceTree = "<group>"; };
		F19429CC212C146F00E08B1E /* HRCgUtil.m */ = {isa = PBXFileReference; fileEncoding = 4; lastKnownFileType = sourcecode.c.objc; path = HRCgUtil.m; sourceTree = "<group>"; };
		F19429CD212C146F00E08B1E /* HRColorPickerViewController.m */ = {isa = PBXFileReference; fileEncoding = 4; lastKnownFileType = sourcecode.c.objc; path = HRColorPickerViewController.m; sourceTree = "<group>"; };
		F19429CE212C146F00E08B1E /* HRColorPickerView.m */ = {isa = PBXFileReference; fileEncoding = 4; lastKnownFileType = sourcecode.c.objc; path = HRColorPickerView.m; sourceTree = "<group>"; };
		F19429CF212C146F00E08B1E /* HRBrightnessCursor.m */ = {isa = PBXFileReference; fileEncoding = 4; lastKnownFileType = sourcecode.c.objc; path = HRBrightnessCursor.m; sourceTree = "<group>"; };
		F19429D0212C146F00E08B1E /* CYRLayoutManager.m */ = {isa = PBXFileReference; fileEncoding = 4; lastKnownFileType = sourcecode.c.objc; path = CYRLayoutManager.m; sourceTree = "<group>"; };
		F19429D1212C146F00E08B1E /* CYRToken.m */ = {isa = PBXFileReference; fileEncoding = 4; lastKnownFileType = sourcecode.c.objc; path = CYRToken.m; sourceTree = "<group>"; };
		F19429D2212C146F00E08B1E /* CYRTextStorage.m */ = {isa = PBXFileReference; fileEncoding = 4; lastKnownFileType = sourcecode.c.objc; path = CYRTextStorage.m; sourceTree = "<group>"; };
		F19429D3212C146F00E08B1E /* CYRTextView.m */ = {isa = PBXFileReference; fileEncoding = 4; lastKnownFileType = sourcecode.c.objc; path = CYRTextView.m; sourceTree = "<group>"; };
		F19429D4212C146F00E08B1E /* HRColorUtil.m */ = {isa = PBXFileReference; fileEncoding = 4; lastKnownFileType = sourcecode.c.objc; path = HRColorUtil.m; sourceTree = "<group>"; };
		F19429D5212C146F00E08B1E /* HRColorCursor.m */ = {isa = PBXFileReference; fileEncoding = 4; lastKnownFileType = sourcecode.c.objc; path = HRColorCursor.m; sourceTree = "<group>"; };
		F19429D6212C146F00E08B1E /* HRColorPickerMacros.h */ = {isa = PBXFileReference; fileEncoding = 4; lastKnownFileType = sourcecode.c.h; path = HRColorPickerMacros.h; sourceTree = "<group>"; };
		F19429D7212C146F00E08B1E /* HRCgUtil.h */ = {isa = PBXFileReference; fileEncoding = 4; lastKnownFileType = sourcecode.c.h; path = HRCgUtil.h; sourceTree = "<group>"; };
		F19429D8212C146F00E08B1E /* CYRToken.h */ = {isa = PBXFileReference; fileEncoding = 4; lastKnownFileType = sourcecode.c.h; path = CYRToken.h; sourceTree = "<group>"; };
		F19429D9212C146F00E08B1E /* CYRLayoutManager.h */ = {isa = PBXFileReference; fileEncoding = 4; lastKnownFileType = sourcecode.c.h; path = CYRLayoutManager.h; sourceTree = "<group>"; };
		F19429DA212C146F00E08B1E /* HRBrightnessCursor.h */ = {isa = PBXFileReference; fileEncoding = 4; lastKnownFileType = sourcecode.c.h; path = HRBrightnessCursor.h; sourceTree = "<group>"; };
		F19429DB212C146F00E08B1E /* HRColorPickerView.h */ = {isa = PBXFileReference; fileEncoding = 4; lastKnownFileType = sourcecode.c.h; path = HRColorPickerView.h; sourceTree = "<group>"; };
		F19429DC212C146F00E08B1E /* HRColorPickerViewController.h */ = {isa = PBXFileReference; fileEncoding = 4; lastKnownFileType = sourcecode.c.h; path = HRColorPickerViewController.h; sourceTree = "<group>"; };
		F19429DD212C146F00E08B1E /* CYRTextStorage.h */ = {isa = PBXFileReference; fileEncoding = 4; lastKnownFileType = sourcecode.c.h; path = CYRTextStorage.h; sourceTree = "<group>"; };
		F19429F2212C14C000E08B1E /* testViewController.h */ = {isa = PBXFileReference; lastKnownFileType = sourcecode.c.h; path = testViewController.h; sourceTree = "<group>"; };
		F19429F3212C14C000E08B1E /* testViewController.m */ = {isa = PBXFileReference; lastKnownFileType = sourcecode.c.objc; path = testViewController.m; sourceTree = "<group>"; };
/* End PBXFileReference section */

/* Begin PBXFrameworksBuildPhase section */
		F13845BA212AB70F00AD6732 /* Frameworks */ = {
			isa = PBXFrameworksBuildPhase;
			buildActionMask = 2147483647;
			files = (
				37E7966C7BFE95E5B4C4AD81 /* libPods-ZX_all.a in Frameworks */,
			);
			runOnlyForDeploymentPostprocessing = 0;
		};
		F13845D2212AB71100AD6732 /* Frameworks */ = {
			isa = PBXFrameworksBuildPhase;
			buildActionMask = 2147483647;
			files = (
				ABE182A76436D72322CF789B /* libPods-ZX_allTests.a in Frameworks */,
			);
			runOnlyForDeploymentPostprocessing = 0;
		};
		F13845DD212AB71100AD6732 /* Frameworks */ = {
			isa = PBXFrameworksBuildPhase;
			buildActionMask = 2147483647;
			files = (
				597EDD00FC8F82829B9DC4D0 /* libPods-ZX_allUITests.a in Frameworks */,
			);
			runOnlyForDeploymentPostprocessing = 0;
		};
/* End PBXFrameworksBuildPhase section */

/* Begin PBXGroup section */
		71EA7959BA8E1D9238A872CE /* Frameworks */ = {
			isa = PBXGroup;
			children = (
				86145A9DBBC049BC7BA15F16 /* libPods-ZX_all.a */,
				3572EE5BD61EE7F18711BDCB /* libPods-ZX_allTests.a */,
				12BA43FB1748CDD45CC474A5 /* libPods-ZX_allUITests.a */,
			);
			name = Frameworks;
			sourceTree = "<group>";
		};
		F00EDB7D23FD87F642169BB4 /* Pods */ = {
			isa = PBXGroup;
			children = (
				013DD9AAA1486BDBBC4C155F /* Pods-ZX_all.debug.xcconfig */,
				72920535B1EE31721009551D /* Pods-ZX_all.release.xcconfig */,
				1F3AE759DE5A29A56D40628A /* Pods-ZX_allTests.debug.xcconfig */,
				A262898FE2BE99076A3BD42F /* Pods-ZX_allTests.release.xcconfig */,
				9011D02D668B3AA5953B558D /* Pods-ZX_allUITests.debug.xcconfig */,
				A9E8989D866DC27B85376BD8 /* Pods-ZX_allUITests.release.xcconfig */,
			);
			path = Pods;
			sourceTree = "<group>";
		};
		F13845B4212AB70E00AD6732 = {
			isa = PBXGroup;
			children = (
				F13845BF212AB70F00AD6732 /* ZX_all */,
				F13845D8212AB71100AD6732 /* ZX_allTests */,
				F13845E3212AB71100AD6732 /* ZX_allUITests */,
				F13845BE212AB70F00AD6732 /* Products */,
				F00EDB7D23FD87F642169BB4 /* Pods */,
				71EA7959BA8E1D9238A872CE /* Frameworks */,
			);
			sourceTree = "<group>";
		};
		F13845BE212AB70F00AD6732 /* Products */ = {
			isa = PBXGroup;
			children = (
				F13845BD212AB70F00AD6732 /* ZX_all.app */,
				F13845D5212AB71100AD6732 /* ZX_allTests.xctest */,
				F13845E0212AB71100AD6732 /* ZX_allUITests.xctest */,
			);
			name = Products;
			sourceTree = "<group>";
		};
		F13845BF212AB70F00AD6732 /* ZX_all */ = {
			isa = PBXGroup;
			children = (
				F15320DA213E6D2D00353BF4 /* AppTest */,
				F19429F1212C14AF00E08B1E /* testVC */,
				F19429B7212C146F00E08B1E /* mailEditor */,
				F13845C0212AB70F00AD6732 /* AppDelegate.h */,
				F13845C1212AB70F00AD6732 /* AppDelegate.m */,
				F13845C3212AB70F00AD6732 /* ViewController.h */,
				F13845C4212AB70F00AD6732 /* ViewController.m */,
				F13845C6212AB70F00AD6732 /* Main.storyboard */,
				F13845C9212AB71000AD6732 /* Assets.xcassets */,
				F13845CB212AB71000AD6732 /* LaunchScreen.storyboard */,
				F13845CE212AB71000AD6732 /* Info.plist */,
				F13845CF212AB71000AD6732 /* main.m */,
			);
			path = ZX_all;
			sourceTree = "<group>";
		};
		F13845D8212AB71100AD6732 /* ZX_allTests */ = {
			isa = PBXGroup;
			children = (
				F13845D9212AB71100AD6732 /* ZX_allTests.m */,
				F13845DB212AB71100AD6732 /* Info.plist */,
			);
			path = ZX_allTests;
			sourceTree = "<group>";
		};
		F13845E3212AB71100AD6732 /* ZX_allUITests */ = {
			isa = PBXGroup;
			children = (
				F13845E4212AB71100AD6732 /* ZX_allUITests.m */,
				F13845E6212AB71100AD6732 /* Info.plist */,
			);
			path = ZX_allUITests;
			sourceTree = "<group>";
		};
		F15320DA213E6D2D00353BF4 /* AppTest */ = {
			isa = PBXGroup;
			children = (
				F15320DB213E6D4900353BF4 /* AppTestViewController.h */,
				F15320DC213E6D4900353BF4 /* AppTestViewController.m */,
			);
			path = AppTest;
			sourceTree = "<group>";
		};
		F19429B7212C146F00E08B1E /* mailEditor */ = {
			isa = PBXGroup;
			children = (
				F19429B8212C146F00E08B1E /* editorViewController.m */,
				F19429B9212C146F00E08B1E /* editorViewController.h */,
				F19429BA212C146F00E08B1E /* editor */,
			);
			path = mailEditor;
			sourceTree = "<group>";
		};
		F19429BA212C146F00E08B1E /* editor */ = {
			isa = PBXGroup;
			children = (
				F19429BB212C146F00E08B1E /* selectStyleView.m */,
				F19429BC212C146F00E08B1E /* MailRichTextEditor.h */,
				F19429BD212C146F00E08B1E /* styleBtnItem.h */,
				F19429BE212C146F00E08B1E /* mailTextView.m */,
				F19429BF212C146F00E08B1E /* Source */,
				F19429C4212C146F00E08B1E /* styleBtnItem.m */,
				F19429C5212C146F00E08B1E /* MailRichTextEditor.m */,
				F19429C6212C146F00E08B1E /* selectStyleView.h */,
				F19429C7212C146F00E08B1E /* mailTextView.h */,
				F19429C8212C146F00E08B1E /* Third Party */,
			);
			path = editor;
			sourceTree = "<group>";
		};
		F19429BF212C146F00E08B1E /* Source */ = {
			isa = PBXGroup;
			children = (
				F19429C0212C146F00E08B1E /* MailRichTextEditor.js */,
				F19429C1212C146F00E08B1E /* editor.html */,
				F19429C2212C146F00E08B1E /* JSBeautifier.js */,
				F19429C3212C146F00E08B1E /* jQuery.js */,
			);
			path = Source;
			sourceTree = "<group>";
		};
		F19429C8212C146F00E08B1E /* Third Party */ = {
			isa = PBXGroup;
			children = (
				F19429C9212C146F00E08B1E /* HRColorCursor.h */,
				F19429CA212C146F00E08B1E /* HRColorUtil.h */,
				F19429CB212C146F00E08B1E /* CYRTextView.h */,
				F19429CC212C146F00E08B1E /* HRCgUtil.m */,
				F19429CD212C146F00E08B1E /* HRColorPickerViewController.m */,
				F19429CE212C146F00E08B1E /* HRColorPickerView.m */,
				F19429CF212C146F00E08B1E /* HRBrightnessCursor.m */,
				F19429D0212C146F00E08B1E /* CYRLayoutManager.m */,
				F19429D1212C146F00E08B1E /* CYRToken.m */,
				F19429D2212C146F00E08B1E /* CYRTextStorage.m */,
				F19429D3212C146F00E08B1E /* CYRTextView.m */,
				F19429D4212C146F00E08B1E /* HRColorUtil.m */,
				F19429D5212C146F00E08B1E /* HRColorCursor.m */,
				F19429D6212C146F00E08B1E /* HRColorPickerMacros.h */,
				F19429D7212C146F00E08B1E /* HRCgUtil.h */,
				F19429D8212C146F00E08B1E /* CYRToken.h */,
				F19429D9212C146F00E08B1E /* CYRLayoutManager.h */,
				F19429DA212C146F00E08B1E /* HRBrightnessCursor.h */,
				F19429DB212C146F00E08B1E /* HRColorPickerView.h */,
				F19429DC212C146F00E08B1E /* HRColorPickerViewController.h */,
				F19429DD212C146F00E08B1E /* CYRTextStorage.h */,
			);
			path = "Third Party";
			sourceTree = "<group>";
		};
		F19429F1212C14AF00E08B1E /* testVC */ = {
			isa = PBXGroup;
			children = (
				F19429F2212C14C000E08B1E /* testViewController.h */,
				F19429F3212C14C000E08B1E /* testViewController.m */,
			);
			path = testVC;
			sourceTree = "<group>";
		};
/* End PBXGroup section */

/* Begin PBXNativeTarget section */
		F13845BC212AB70F00AD6732 /* ZX_all */ = {
			isa = PBXNativeTarget;
			buildConfigurationList = F13845E9212AB71100AD6732 /* Build configuration list for PBXNativeTarget "ZX_all" */;
			buildPhases = (
				888D3145E0826875557A82F7 /* [CP] Check Pods Manifest.lock */,
				F13845B9212AB70F00AD6732 /* Sources */,
				F13845BA212AB70F00AD6732 /* Frameworks */,
				F13845BB212AB70F00AD6732 /* Resources */,
			);
			buildRules = (
			);
			dependencies = (
			);
			name = ZX_all;
			productName = ZX_all;
			productReference = F13845BD212AB70F00AD6732 /* ZX_all.app */;
			productType = "com.apple.product-type.application";
		};
		F13845D4212AB71100AD6732 /* ZX_allTests */ = {
			isa = PBXNativeTarget;
			buildConfigurationList = F13845EC212AB71100AD6732 /* Build configuration list for PBXNativeTarget "ZX_allTests" */;
			buildPhases = (
				308BA92949B868BC7443C120 /* [CP] Check Pods Manifest.lock */,
				F13845D1212AB71100AD6732 /* Sources */,
				F13845D2212AB71100AD6732 /* Frameworks */,
				F13845D3212AB71100AD6732 /* Resources */,
			);
			buildRules = (
			);
			dependencies = (
				F13845D7212AB71100AD6732 /* PBXTargetDependency */,
			);
			name = ZX_allTests;
			productName = ZX_allTests;
			productReference = F13845D5212AB71100AD6732 /* ZX_allTests.xctest */;
			productType = "com.apple.product-type.bundle.unit-test";
		};
		F13845DF212AB71100AD6732 /* ZX_allUITests */ = {
			isa = PBXNativeTarget;
			buildConfigurationList = F13845EF212AB71100AD6732 /* Build configuration list for PBXNativeTarget "ZX_allUITests" */;
			buildPhases = (
				842D2F24383934722E87DEB2 /* [CP] Check Pods Manifest.lock */,
				F13845DC212AB71100AD6732 /* Sources */,
				F13845DD212AB71100AD6732 /* Frameworks */,
				F13845DE212AB71100AD6732 /* Resources */,
			);
			buildRules = (
			);
			dependencies = (
				F13845E2212AB71100AD6732 /* PBXTargetDependency */,
			);
			name = ZX_allUITests;
			productName = ZX_allUITests;
			productReference = F13845E0212AB71100AD6732 /* ZX_allUITests.xctest */;
			productType = "com.apple.product-type.bundle.ui-testing";
		};
/* End PBXNativeTarget section */

/* Begin PBXProject section */
		F13845B5212AB70F00AD6732 /* Project object */ = {
			isa = PBXProject;
			attributes = {
				LastUpgradeCheck = 0940;
				ORGANIZATIONNAME = "赵祥";
				TargetAttributes = {
					F13845BC212AB70F00AD6732 = {
						CreatedOnToolsVersion = 9.4.1;
					};
					F13845D4212AB71100AD6732 = {
						CreatedOnToolsVersion = 9.4.1;
						TestTargetID = F13845BC212AB70F00AD6732;
					};
					F13845DF212AB71100AD6732 = {
						CreatedOnToolsVersion = 9.4.1;
						TestTargetID = F13845BC212AB70F00AD6732;
					};
				};
			};
			buildConfigurationList = F13845B8212AB70F00AD6732 /* Build configuration list for PBXProject "ZX_all" */;
			compatibilityVersion = "Xcode 9.3";
			developmentRegion = en;
			hasScannedForEncodings = 0;
			knownRegions = (
				en,
				Base,
			);
			mainGroup = F13845B4212AB70E00AD6732;
			productRefGroup = F13845BE212AB70F00AD6732 /* Products */;
			projectDirPath = "";
			projectRoot = "";
			targets = (
				F13845BC212AB70F00AD6732 /* ZX_all */,
				F13845D4212AB71100AD6732 /* ZX_allTests */,
				F13845DF212AB71100AD6732 /* ZX_allUITests */,
			);
		};
/* End PBXProject section */

/* Begin PBXResourcesBuildPhase section */
		F13845BB212AB70F00AD6732 /* Resources */ = {
			isa = PBXResourcesBuildPhase;
			buildActionMask = 2147483647;
			files = (
				F13845CD212AB71000AD6732 /* LaunchScreen.storyboard in Resources */,
				F19429E3212C146F00E08B1E /* JSBeautifier.js in Resources */,
				F19429E2212C146F00E08B1E /* editor.html in Resources */,
				F19429E1212C146F00E08B1E /* MailRichTextEditor.js in Resources */,
				F13845CA212AB71000AD6732 /* Assets.xcassets in Resources */,
				F19429E4212C146F00E08B1E /* jQuery.js in Resources */,
				F13845C8212AB70F00AD6732 /* Main.storyboard in Resources */,
			);
			runOnlyForDeploymentPostprocessing = 0;
		};
		F13845D3212AB71100AD6732 /* Resources */ = {
			isa = PBXResourcesBuildPhase;
			buildActionMask = 2147483647;
			files = (
			);
			runOnlyForDeploymentPostprocessing = 0;
		};
		F13845DE212AB71100AD6732 /* Resources */ = {
			isa = PBXResourcesBuildPhase;
			buildActionMask = 2147483647;
			files = (
			);
			runOnlyForDeploymentPostprocessing = 0;
		};
/* End PBXResourcesBuildPhase section */

/* Begin PBXShellScriptBuildPhase section */
		308BA92949B868BC7443C120 /* [CP] Check Pods Manifest.lock */ = {
			isa = PBXShellScriptBuildPhase;
			buildActionMask = 2147483647;
			files = (
			);
			inputPaths = (
				"${PODS_PODFILE_DIR_PATH}/Podfile.lock",
				"${PODS_ROOT}/Manifest.lock",
			);
			name = "[CP] Check Pods Manifest.lock";
			outputPaths = (
				"$(DERIVED_FILE_DIR)/Pods-ZX_allTests-checkManifestLockResult.txt",
			);
			runOnlyForDeploymentPostprocessing = 0;
			shellPath = /bin/sh;
			shellScript = "diff \"${PODS_PODFILE_DIR_PATH}/Podfile.lock\" \"${PODS_ROOT}/Manifest.lock\" > /dev/null\nif [ $? != 0 ] ; then\n    # print error to STDERR\n    echo \"error: The sandbox is not in sync with the Podfile.lock. Run 'pod install' or update your CocoaPods installation.\" >&2\n    exit 1\nfi\n# This output is used by Xcode 'outputs' to avoid re-running this script phase.\necho \"SUCCESS\" > \"${SCRIPT_OUTPUT_FILE_0}\"\n";
			showEnvVarsInLog = 0;
		};
		842D2F24383934722E87DEB2 /* [CP] Check Pods Manifest.lock */ = {
			isa = PBXShellScriptBuildPhase;
			buildActionMask = 2147483647;
			files = (
			);
			inputPaths = (
				"${PODS_PODFILE_DIR_PATH}/Podfile.lock",
				"${PODS_ROOT}/Manifest.lock",
			);
			name = "[CP] Check Pods Manifest.lock";
			outputPaths = (
				"$(DERIVED_FILE_DIR)/Pods-ZX_allUITests-checkManifestLockResult.txt",
			);
			runOnlyForDeploymentPostprocessing = 0;
			shellPath = /bin/sh;
			shellScript = "diff \"${PODS_PODFILE_DIR_PATH}/Podfile.lock\" \"${PODS_ROOT}/Manifest.lock\" > /dev/null\nif [ $? != 0 ] ; then\n    # print error to STDERR\n    echo \"error: The sandbox is not in sync with the Podfile.lock. Run 'pod install' or update your CocoaPods installation.\" >&2\n    exit 1\nfi\n# This output is used by Xcode 'outputs' to avoid re-running this script phase.\necho \"SUCCESS\" > \"${SCRIPT_OUTPUT_FILE_0}\"\n";
			showEnvVarsInLog = 0;
		};
		888D3145E0826875557A82F7 /* [CP] Check Pods Manifest.lock */ = {
			isa = PBXShellScriptBuildPhase;
			buildActionMask = 2147483647;
			files = (
			);
			inputPaths = (
				"${PODS_PODFILE_DIR_PATH}/Podfile.lock",
				"${PODS_ROOT}/Manifest.lock",
			);
			name = "[CP] Check Pods Manifest.lock";
			outputPaths = (
				"$(DERIVED_FILE_DIR)/Pods-ZX_all-checkManifestLockResult.txt",
			);
			runOnlyForDeploymentPostprocessing = 0;
			shellPath = /bin/sh;
			shellScript = "diff \"${PODS_PODFILE_DIR_PATH}/Podfile.lock\" \"${PODS_ROOT}/Manifest.lock\" > /dev/null\nif [ $? != 0 ] ; then\n    # print error to STDERR\n    echo \"error: The sandbox is not in sync with the Podfile.lock. Run 'pod install' or update your CocoaPods installation.\" >&2\n    exit 1\nfi\n# This output is used by Xcode 'outputs' to avoid re-running this script phase.\necho \"SUCCESS\" > \"${SCRIPT_OUTPUT_FILE_0}\"\n";
			showEnvVarsInLog = 0;
		};
/* End PBXShellScriptBuildPhase section */

/* Begin PBXSourcesBuildPhase section */
		F13845B9212AB70F00AD6732 /* Sources */ = {
			isa = PBXSourcesBuildPhase;
			buildActionMask = 2147483647;
			files = (
				F13845C5212AB70F00AD6732 /* ViewController.m in Sources */,
				F19429ED212C146F00E08B1E /* CYRTextStorage.m in Sources */,
				F19429DF212C146F00E08B1E /* selectStyleView.m in Sources */,
				F13845D0212AB71000AD6732 /* main.m in Sources */,
				F19429E7212C146F00E08B1E /* HRCgUtil.m in Sources */,
				F19429F0212C146F00E08B1E /* HRColorCursor.m in Sources */,
				F13845C2212AB70F00AD6732 /* AppDelegate.m in Sources */,
				F19429EE212C146F00E08B1E /* CYRTextView.m in Sources */,
				F19429EB212C146F00E08B1E /* CYRLayoutManager.m in Sources */,
				F19429E6212C146F00E08B1E /* MailRichTextEditor.m in Sources */,
				F15320DD213E6D4900353BF4 /* AppTestViewController.m in Sources */,
				F19429F4212C14C000E08B1E /* testViewController.m in Sources */,
				F19429E8212C146F00E08B1E /* HRColorPickerViewController.m in Sources */,
				F19429E0212C146F00E08B1E /* mailTextView.m in Sources */,
				F19429EA212C146F00E08B1E /* HRBrightnessCursor.m in Sources */,
				F19429EC212C146F00E08B1E /* CYRToken.m in Sources */,
				F19429EF212C146F00E08B1E /* HRColorUtil.m in Sources */,
				F19429DE212C146F00E08B1E /* editorViewController.m in Sources */,
				F19429E5212C146F00E08B1E /* styleBtnItem.m in Sources */,
				F19429E9212C146F00E08B1E /* HRColorPickerView.m in Sources */,
			);
			runOnlyForDeploymentPostprocessing = 0;
		};
		F13845D1212AB71100AD6732 /* Sources */ = {
			isa = PBXSourcesBuildPhase;
			buildActionMask = 2147483647;
			files = (
				F13845DA212AB71100AD6732 /* ZX_allTests.m in Sources */,
			);
			runOnlyForDeploymentPostprocessing = 0;
		};
		F13845DC212AB71100AD6732 /* Sources */ = {
			isa = PBXSourcesBuildPhase;
			buildActionMask = 2147483647;
			files = (
				F13845E5212AB71100AD6732 /* ZX_allUITests.m in Sources */,
			);
			runOnlyForDeploymentPostprocessing = 0;
		};
/* End PBXSourcesBuildPhase section */

/* Begin PBXTargetDependency section */
		F13845D7212AB71100AD6732 /* PBXTargetDependency */ = {
			isa = PBXTargetDependency;
			target = F13845BC212AB70F00AD6732 /* ZX_all */;
			targetProxy = F13845D6212AB71100AD6732 /* PBXContainerItemProxy */;
		};
		F13845E2212AB71100AD6732 /* PBXTargetDependency */ = {
			isa = PBXTargetDependency;
			target = F13845BC212AB70F00AD6732 /* ZX_all */;
			targetProxy = F13845E1212AB71100AD6732 /* PBXContainerItemProxy */;
		};
/* End PBXTargetDependency section */

/* Begin PBXVariantGroup section */
		F13845C6212AB70F00AD6732 /* Main.storyboard */ = {
			isa = PBXVariantGroup;
			children = (
				F13845C7212AB70F00AD6732 /* Base */,
			);
			name = Main.storyboard;
			sourceTree = "<group>";
		};
		F13845CB212AB71000AD6732 /* LaunchScreen.storyboard */ = {
			isa = PBXVariantGroup;
			children = (
				F13845CC212AB71000AD6732 /* Base */,
			);
			name = LaunchScreen.storyboard;
			sourceTree = "<group>";
		};
/* End PBXVariantGroup section */

/* Begin XCBuildConfiguration section */
		F13845E7212AB71100AD6732 /* Debug */ = {
			isa = XCBuildConfiguration;
			buildSettings = {
				ALWAYS_SEARCH_USER_PATHS = NO;
				CLANG_ANALYZER_NONNULL = YES;
				CLANG_ANALYZER_NUMBER_OBJECT_CONVERSION = YES_AGGRESSIVE;
				CLANG_CXX_LANGUAGE_STANDARD = "gnu++14";
				CLANG_CXX_LIBRARY = "libc++";
				CLANG_ENABLE_MODULES = YES;
				CLANG_ENABLE_OBJC_ARC = YES;
				CLANG_ENABLE_OBJC_WEAK = YES;
				CLANG_WARN_BLOCK_CAPTURE_AUTORELEASING = YES;
				CLANG_WARN_BOOL_CONVERSION = YES;
				CLANG_WARN_COMMA = YES;
				CLANG_WARN_CONSTANT_CONVERSION = YES;
				CLANG_WARN_DEPRECATED_OBJC_IMPLEMENTATIONS = YES;
				CLANG_WARN_DIRECT_OBJC_ISA_USAGE = YES_ERROR;
				CLANG_WARN_DOCUMENTATION_COMMENTS = YES;
				CLANG_WARN_EMPTY_BODY = YES;
				CLANG_WARN_ENUM_CONVERSION = YES;
				CLANG_WARN_INFINITE_RECURSION = YES;
				CLANG_WARN_INT_CONVERSION = YES;
				CLANG_WARN_NON_LITERAL_NULL_CONVERSION = YES;
				CLANG_WARN_OBJC_IMPLICIT_RETAIN_SELF = YES;
				CLANG_WARN_OBJC_LITERAL_CONVERSION = YES;
				CLANG_WARN_OBJC_ROOT_CLASS = YES_ERROR;
				CLANG_WARN_RANGE_LOOP_ANALYSIS = YES;
				CLANG_WARN_STRICT_PROTOTYPES = YES;
				CLANG_WARN_SUSPICIOUS_MOVE = YES;
				CLANG_WARN_UNGUARDED_AVAILABILITY = YES_AGGRESSIVE;
				CLANG_WARN_UNREACHABLE_CODE = YES;
				CLANG_WARN__DUPLICATE_METHOD_MATCH = YES;
				CODE_SIGN_IDENTITY = "iPhone Developer";
				COPY_PHASE_STRIP = NO;
				DEBUG_INFORMATION_FORMAT = dwarf;
				ENABLE_STRICT_OBJC_MSGSEND = YES;
				ENABLE_TESTABILITY = YES;
				GCC_C_LANGUAGE_STANDARD = gnu11;
				GCC_DYNAMIC_NO_PIC = NO;
				GCC_NO_COMMON_BLOCKS = YES;
				GCC_OPTIMIZATION_LEVEL = 0;
				GCC_PREPROCESSOR_DEFINITIONS = (
					"DEBUG=1",
					"$(inherited)",
				);
				GCC_WARN_64_TO_32_BIT_CONVERSION = YES;
				GCC_WARN_ABOUT_RETURN_TYPE = YES_ERROR;
				GCC_WARN_UNDECLARED_SELECTOR = YES;
				GCC_WARN_UNINITIALIZED_AUTOS = YES_AGGRESSIVE;
				GCC_WARN_UNUSED_FUNCTION = YES;
				GCC_WARN_UNUSED_VARIABLE = YES;
				IPHONEOS_DEPLOYMENT_TARGET = 11.4;
				MTL_ENABLE_DEBUG_INFO = YES;
				ONLY_ACTIVE_ARCH = YES;
				SDKROOT = iphoneos;
			};
			name = Debug;
		};
		F13845E8212AB71100AD6732 /* Release */ = {
			isa = XCBuildConfiguration;
			buildSettings = {
				ALWAYS_SEARCH_USER_PATHS = NO;
				CLANG_ANALYZER_NONNULL = YES;
				CLANG_ANALYZER_NUMBER_OBJECT_CONVERSION = YES_AGGRESSIVE;
				CLANG_CXX_LANGUAGE_STANDARD = "gnu++14";
				CLANG_CXX_LIBRARY = "libc++";
				CLANG_ENABLE_MODULES = YES;
				CLANG_ENABLE_OBJC_ARC = YES;
				CLANG_ENABLE_OBJC_WEAK = YES;
				CLANG_WARN_BLOCK_CAPTURE_AUTORELEASING = YES;
				CLANG_WARN_BOOL_CONVERSION = YES;
				CLANG_WARN_COMMA = YES;
				CLANG_WARN_CONSTANT_CONVERSION = YES;
				CLANG_WARN_DEPRECATED_OBJC_IMPLEMENTATIONS = YES;
				CLANG_WARN_DIRECT_OBJC_ISA_USAGE = YES_ERROR;
				CLANG_WARN_DOCUMENTATION_COMMENTS = YES;
				CLANG_WARN_EMPTY_BODY = YES;
				CLANG_WARN_ENUM_CONVERSION = YES;
				CLANG_WARN_INFINITE_RECURSION = YES;
				CLANG_WARN_INT_CONVERSION = YES;
				CLANG_WARN_NON_LITERAL_NULL_CONVERSION = YES;
				CLANG_WARN_OBJC_IMPLICIT_RETAIN_SELF = YES;
				CLANG_WARN_OBJC_LITERAL_CONVERSION = YES;
				CLANG_WARN_OBJC_ROOT_CLASS = YES_ERROR;
				CLANG_WARN_RANGE_LOOP_ANALYSIS = YES;
				CLANG_WARN_STRICT_PROTOTYPES = YES;
				CLANG_WARN_SUSPICIOUS_MOVE = YES;
				CLANG_WARN_UNGUARDED_AVAILABILITY = YES_AGGRESSIVE;
				CLANG_WARN_UNREACHABLE_CODE = YES;
				CLANG_WARN__DUPLICATE_METHOD_MATCH = YES;
				CODE_SIGN_IDENTITY = "iPhone Developer";
				COPY_PHASE_STRIP = NO;
				DEBUG_INFORMATION_FORMAT = "dwarf-with-dsym";
				ENABLE_NS_ASSERTIONS = NO;
				ENABLE_STRICT_OBJC_MSGSEND = YES;
				GCC_C_LANGUAGE_STANDARD = gnu11;
				GCC_NO_COMMON_BLOCKS = YES;
				GCC_WARN_64_TO_32_BIT_CONVERSION = YES;
				GCC_WARN_ABOUT_RETURN_TYPE = YES_ERROR;
				GCC_WARN_UNDECLARED_SELECTOR = YES;
				GCC_WARN_UNINITIALIZED_AUTOS = YES_AGGRESSIVE;
				GCC_WARN_UNUSED_FUNCTION = YES;
				GCC_WARN_UNUSED_VARIABLE = YES;
				IPHONEOS_DEPLOYMENT_TARGET = 11.4;
				MTL_ENABLE_DEBUG_INFO = NO;
				SDKROOT = iphoneos;
				VALIDATE_PRODUCT = YES;
			};
			name = Release;
		};
		F13845EA212AB71100AD6732 /* Debug */ = {
			isa = XCBuildConfiguration;
			baseConfigurationReference = 013DD9AAA1486BDBBC4C155F /* Pods-ZX_all.debug.xcconfig */;
			buildSettings = {
				ASSETCATALOG_COMPILER_APPICON_NAME = AppIcon;
				CODE_SIGN_STYLE = Automatic;
				DEVELOPMENT_TEAM = 6H7K3S46CE;
				INFOPLIST_FILE = ZX_all/Info.plist;
				LD_RUNPATH_SEARCH_PATHS = (
					"$(inherited)",
					"@executable_path/Frameworks",
				);
				PRODUCT_BUNDLE_IDENTIFIER = "com.zxzxzxzx.ZX-all";
				PRODUCT_NAME = "$(TARGET_NAME)";
				TARGETED_DEVICE_FAMILY = "1,2";
			};
			name = Debug;
		};
		F13845EB212AB71100AD6732 /* Release */ = {
			isa = XCBuildConfiguration;
			baseConfigurationReference = 72920535B1EE31721009551D /* Pods-ZX_all.release.xcconfig */;
			buildSettings = {
				ASSETCATALOG_COMPILER_APPICON_NAME = AppIcon;
				CODE_SIGN_STYLE = Automatic;
				DEVELOPMENT_TEAM = 6H7K3S46CE;
				INFOPLIST_FILE = ZX_all/Info.plist;
				LD_RUNPATH_SEARCH_PATHS = (
					"$(inherited)",
					"@executable_path/Frameworks",
				);
				PRODUCT_BUNDLE_IDENTIFIER = "com.zxzxzxzx.ZX-all";
				PRODUCT_NAME = "$(TARGET_NAME)";
				TARGETED_DEVICE_FAMILY = "1,2";
			};
			name = Release;
		};
		F13845ED212AB71100AD6732 /* Debug */ = {
			isa = XCBuildConfiguration;
			baseConfigurationReference = 1F3AE759DE5A29A56D40628A /* Pods-ZX_allTests.debug.xcconfig */;
			buildSettings = {
				BUNDLE_LOADER = "$(TEST_HOST)";
				CODE_SIGN_STYLE = Automatic;
				DEVELOPMENT_TEAM = 6H7K3S46CE;
				INFOPLIST_FILE = ZX_allTests/Info.plist;
				LD_RUNPATH_SEARCH_PATHS = (
					"$(inherited)",
					"@executable_path/Frameworks",
					"@loader_path/Frameworks",
				);
				PRODUCT_BUNDLE_IDENTIFIER = "com.zxzxzxzx.ZX-allTests";
				PRODUCT_NAME = "$(TARGET_NAME)";
				TARGETED_DEVICE_FAMILY = "1,2";
				TEST_HOST = "$(BUILT_PRODUCTS_DIR)/ZX_all.app/ZX_all";
			};
			name = Debug;
		};
		F13845EE212AB71100AD6732 /* Release */ = {
			isa = XCBuildConfiguration;
			baseConfigurationReference = A262898FE2BE99076A3BD42F /* Pods-ZX_allTests.release.xcconfig */;
			buildSettings = {
				BUNDLE_LOADER = "$(TEST_HOST)";
				CODE_SIGN_STYLE = Automatic;
				DEVELOPMENT_TEAM = 6H7K3S46CE;
				INFOPLIST_FILE = ZX_allTests/Info.plist;
				LD_RUNPATH_SEARCH_PATHS = (
					"$(inherited)",
					"@executable_path/Frameworks",
					"@loader_path/Frameworks",
				);
				PRODUCT_BUNDLE_IDENTIFIER = "com.zxzxzxzx.ZX-allTests";
				PRODUCT_NAME = "$(TARGET_NAME)";
				TARGETED_DEVICE_FAMILY = "1,2";
				TEST_HOST = "$(BUILT_PRODUCTS_DIR)/ZX_all.app/ZX_all";
			};
			name = Release;
		};
		F13845F0212AB71100AD6732 /* Debug */ = {
			isa = XCBuildConfiguration;
			baseConfigurationReference = 9011D02D668B3AA5953B558D /* Pods-ZX_allUITests.debug.xcconfig */;
			buildSettings = {
				CODE_SIGN_STYLE = Automatic;
				DEVELOPMENT_TEAM = 6H7K3S46CE;
				INFOPLIST_FILE = ZX_allUITests/Info.plist;
				LD_RUNPATH_SEARCH_PATHS = (
					"$(inherited)",
					"@executable_path/Frameworks",
					"@loader_path/Frameworks",
				);
				PRODUCT_BUNDLE_IDENTIFIER = "com.zxzxzxzx.ZX-allUITests";
				PRODUCT_NAME = "$(TARGET_NAME)";
				TARGETED_DEVICE_FAMILY = "1,2";
				TEST_TARGET_NAME = ZX_all;
			};
			name = Debug;
		};
		F13845F1212AB71100AD6732 /* Release */ = {
			isa = XCBuildConfiguration;
			baseConfigurationReference = A9E8989D866DC27B85376BD8 /* Pods-ZX_allUITests.release.xcconfig */;
			buildSettings = {
				CODE_SIGN_STYLE = Automatic;
				DEVELOPMENT_TEAM = 6H7K3S46CE;
				INFOPLIST_FILE = ZX_allUITests/Info.plist;
				LD_RUNPATH_SEARCH_PATHS = (
					"$(inherited)",
					"@executable_path/Frameworks",
					"@loader_path/Frameworks",
				);
				PRODUCT_BUNDLE_IDENTIFIER = "com.zxzxzxzx.ZX-allUITests";
				PRODUCT_NAME = "$(TARGET_NAME)";
				TARGETED_DEVICE_FAMILY = "1,2";
				TEST_TARGET_NAME = ZX_all;
			};
			name = Release;
		};
/* End XCBuildConfiguration section */

/* Begin XCConfigurationList section */
		F13845B8212AB70F00AD6732 /* Build configuration list for PBXProject "ZX_all" */ = {
			isa = XCConfigurationList;
			buildConfigurations = (
				F13845E7212AB71100AD6732 /* Debug */,
				F13845E8212AB71100AD6732 /* Release */,
			);
			defaultConfigurationIsVisible = 0;
			defaultConfigurationName = Release;
		};
		F13845E9212AB71100AD6732 /* Build configuration list for PBXNativeTarget "ZX_all" */ = {
			isa = XCConfigurationList;
			buildConfigurations = (
				F13845EA212AB71100AD6732 /* Debug */,
				F13845EB212AB71100AD6732 /* Release */,
			);
			defaultConfigurationIsVisible = 0;
			defaultConfigurationName = Release;
		};
		F13845EC212AB71100AD6732 /* Build configuration list for PBXNativeTarget "ZX_allTests" */ = {
			isa = XCConfigurationList;
			buildConfigurations = (
				F13845ED212AB71100AD6732 /* Debug */,
				F13845EE212AB71100AD6732 /* Release */,
			);
			defaultConfigurationIsVisible = 0;
			defaultConfigurationName = Release;
		};
		F13845EF212AB71100AD6732 /* Build configuration list for PBXNativeTarget "ZX_allUITests" */ = {
			isa = XCConfigurationList;
			buildConfigurations = (
				F13845F0212AB71100AD6732 /* Debug */,
				F13845F1212AB71100AD6732 /* Release */,
			);
			defaultConfigurationIsVisible = 0;
			defaultConfigurationName = Release;
		};
/* End XCConfigurationList section */
	};
	rootObject = F13845B5212AB70F00AD6732 /* Project object */;
}
